
Microsoft Visual Studio Solution File, Format Version 12.00
# Visual Studio Version 16
VisualStudioVersion = 16.0.30804.86
MinimumVisualStudioVersion = 10.0.40219.1
Project("{2150E333-8FDC-42A3-9474-1A3956D46DE8}") = "src", "src", "{E8D7067B-5922-47AC-B238-64065F540165}"
EndProject
Project("{2150E333-8FDC-42A3-9474-1A3956D46DE8}") = "Services", "Services", "{CA03ACC4-2DDD-463C-A6C2-8C6DE319077A}"
EndProject
Project("{2150E333-8FDC-42A3-9474-1A3956D46DE8}") = "Integration", "Integration", "{4EC39216-E66A-4245-A9AA-8F757BCDA720}"
EndProject
Project("{2150E333-8FDC-42A3-9474-1A3956D46DE8}") = "Frontends", "Frontends", "{9D9B0FC4-23FF-498C-A22A-784B1B12FFEF}"
EndProject
Project("{9A19103F-16F7-4668-BE54-9A1E7A4F7556}") = "ShoppingBasket", "src\Services\ShoppingBasket\ShoppingBasket.csproj", "{27F0B80B-60F9-499D-B982-A6FEDAEC4E48}"
EndProject
Project("{9A19103F-16F7-4668-BE54-9A1E7A4F7556}") = "Ordering", "src\Services\Order\Ordering.csproj", "{0B76F3D0-0191-4FE0-8988-8F72A1E05897}"
EndProject
Project("{9A19103F-16F7-4668-BE54-9A1E7A4F7556}") = "WineCatalog", "src\Services\WineCatalog\WineCatalog.csproj", "{F7B0F4DB-48EE-41FC-8F5D-F33ABA6901CF}"
EndProject
Project("{9A19103F-16F7-4668-BE54-9A1E7A4F7556}") = "Messages", "src\Integration\Messages\Messages.csproj", "{9443C5B1-37BB-476B-AFE3-6D0002941636}"
EndProject
Project("{9A19103F-16F7-4668-BE54-9A1E7A4F7556}") = "MessagingBus", "src\Integration\MessagingBus\MessagingBus.csproj", "{512F7D6B-BB92-440E-9B52-6C1249FE1F18}"
EndProject
Project("{9A19103F-16F7-4668-BE54-9A1E7A4F7556}") = "WineShopMVC", "Frontends\WineShopMVC\WineShopMVC.csproj", "{60BECCEA-EDAC-4B93-879B-465CC1CB8360}"
EndProject
Project("{9A19103F-16F7-4668-BE54-9A1E7A4F7556}") = "Discounts", "src\Services\Discounts\Discounts.csproj", "{8D2FC62B-7D92-4EEE-B107-4C3F97B2C1EF}"
EndProject
Project("{9A19103F-16F7-4668-BE54-9A1E7A4F7556}") = "Identity", "src\Services\Identity\Identity.csproj", "{CE5C2804-5979-4B3E-80A7-00A93CFC8D61}"
EndProject
Project("{2150E333-8FDC-42A3-9474-1A3956D46DE8}") = "Gateway", "Gateway", "{76F97BFF-6418-4DF0-B0BF-FD9BB997D0D3}"
EndProject
Project("{FAE04EC0-301F-11D3-BF4B-00C04F79EFBC}") = "WineShopGateway", "src\Gateway\WineShopGateway\WineShopGateway.csproj", "{C643291E-111D-411E-905D-2849CBA6E8EF}"
EndProject
Global
	GlobalSection(SolutionConfigurationPlatforms) = preSolution
		Debug|Any CPU = Debug|Any CPU
		Release|Any CPU = Release|Any CPU
	EndGlobalSection
	GlobalSection(ProjectConfigurationPlatforms) = postSolution
		{27F0B80B-60F9-499D-B982-A6FEDAEC4E48}.Debug|Any CPU.ActiveCfg = Debug|Any CPU
		{27F0B80B-60F9-499D-B982-A6FEDAEC4E48}.Debug|Any CPU.Build.0 = Debug|Any CPU
		{27F0B80B-60F9-499D-B982-A6FEDAEC4E48}.Release|Any CPU.ActiveCfg = Release|Any CPU
		{27F0B80B-60F9-499D-B982-A6FEDAEC4E48}.Release|Any CPU.Build.0 = Release|Any CPU
		{0B76F3D0-0191-4FE0-8988-8F72A1E05897}.Debug|Any CPU.ActiveCfg = Debug|Any CPU
		{0B76F3D0-0191-4FE0-8988-8F72A1E05897}.Debug|Any CPU.Build.0 = Debug|Any CPU
		{0B76F3D0-0191-4FE0-8988-8F72A1E05897}.Release|Any CPU.ActiveCfg = Release|Any CPU
		{0B76F3D0-0191-4FE0-8988-8F72A1E05897}.Release|Any CPU.Build.0 = Release|Any CPU
		{F7B0F4DB-48EE-41FC-8F5D-F33ABA6901CF}.Debug|Any CPU.ActiveCfg = Debug|Any CPU
		{F7B0F4DB-48EE-41FC-8F5D-F33ABA6901CF}.Debug|Any CPU.Build.0 = Debug|Any CPU
		{F7B0F4DB-48EE-41FC-8F5D-F33ABA6901CF}.Release|Any CPU.ActiveCfg = Release|Any CPU
		{F7B0F4DB-48EE-41FC-8F5D-F33ABA6901CF}.Release|Any CPU.Build.0 = Release|Any CPU
		{9443C5B1-37BB-476B-AFE3-6D0002941636}.Debug|Any CPU.ActiveCfg = Debug|Any CPU
		{9443C5B1-37BB-476B-AFE3-6D0002941636}.Debug|Any CPU.Build.0 = Debug|Any CPU
		{9443C5B1-37BB-476B-AFE3-6D0002941636}.Release|Any CPU.ActiveCfg = Release|Any CPU
		{9443C5B1-37BB-476B-AFE3-6D0002941636}.Release|Any CPU.Build.0 = Release|Any CPU
		{512F7D6B-BB92-440E-9B52-6C1249FE1F18}.Debug|Any CPU.ActiveCfg = Debug|Any CPU
		{512F7D6B-BB92-440E-9B52-6C1249FE1F18}.Debug|Any CPU.Build.0 = Debug|Any CPU
		{512F7D6B-BB92-440E-9B52-6C1249FE1F18}.Release|Any CPU.ActiveCfg = Release|Any CPU
		{512F7D6B-BB92-440E-9B52-6C1249FE1F18}.Release|Any CPU.Build.0 = Release|Any CPU
		{60BECCEA-EDAC-4B93-879B-465CC1CB8360}.Debug|Any CPU.ActiveCfg = Debug|Any CPU
		{60BECCEA-EDAC-4B93-879B-465CC1CB8360}.Debug|Any CPU.Build.0 = Debug|Any CPU
		{60BECCEA-EDAC-4B93-879B-465CC1CB8360}.Release|Any CPU.ActiveCfg = Release|Any CPU
		{60BECCEA-EDAC-4B93-879B-465CC1CB8360}.Release|Any CPU.Build.0 = Release|Any CPU
		{8D2FC62B-7D92-4EEE-B107-4C3F97B2C1EF}.Debug|Any CPU.ActiveCfg = Debug|Any CPU
		{8D2FC62B-7D92-4EEE-B107-4C3F97B2C1EF}.Debug|Any CPU.Build.0 = Debug|Any CPU
		{8D2FC62B-7D92-4EEE-B107-4C3F97B2C1EF}.Release|Any CPU.ActiveCfg = Release|Any CPU
		{8D2FC62B-7D92-4EEE-B107-4C3F97B2C1EF}.Release|Any CPU.Build.0 = Release|Any CPU
		{CE5C2804-5979-4B3E-80A7-00A93CFC8D61}.Debug|Any CPU.ActiveCfg = Debug|Any CPU
		{CE5C2804-5979-4B3E-80A7-00A93CFC8D61}.Debug|Any CPU.Build.0 = Debug|Any CPU
		{CE5C2804-5979-4B3E-80A7-00A93CFC8D61}.Release|Any CPU.ActiveCfg = Release|Any CPU
		{CE5C2804-5979-4B3E-80A7-00A93CFC8D61}.Release|Any CPU.Build.0 = Release|Any CPU
		{C643291E-111D-411E-905D-2849CBA6E8EF}.Debug|Any CPU.ActiveCfg = Debug|Any CPU
		{C643291E-111D-411E-905D-2849CBA6E8EF}.Debug|Any CPU.Build.0 = Debug|Any CPU
		{C643291E-111D-411E-905D-2849CBA6E8EF}.Release|Any CPU.ActiveCfg = Release|Any CPU
		{C643291E-111D-411E-905D-2849CBA6E8EF}.Release|Any CPU.Build.0 = Release|Any CPU
	EndGlobalSection
	GlobalSection(SolutionProperties) = preSolution
		HideSolutionNode = FALSE
	EndGlobalSection
	GlobalSection(NestedProjects) = preSolution
		{CA03ACC4-2DDD-463C-A6C2-8C6DE319077A} = {E8D7067B-5922-47AC-B238-64065F540165}
		{4EC39216-E66A-4245-A9AA-8F757BCDA720} = {E8D7067B-5922-47AC-B238-64065F540165}
		{9D9B0FC4-23FF-498C-A22A-784B1B12FFEF} = {E8D7067B-5922-47AC-B238-64065F540165}
		{27F0B80B-60F9-499D-B982-A6FEDAEC4E48} = {CA03ACC4-2DDD-463C-A6C2-8C6DE319077A}
		{0B76F3D0-0191-4FE0-8988-8F72A1E05897} = {CA03ACC4-2DDD-463C-A6C2-8C6DE319077A}
		{F7B0F4DB-48EE-41FC-8F5D-F33ABA6901CF} = {CA03ACC4-2DDD-463C-A6C2-8C6DE319077A}
		{9443C5B1-37BB-476B-AFE3-6D0002941636} = {4EC39216-E66A-4245-A9AA-8F757BCDA720}
		{512F7D6B-BB92-440E-9B52-6C1249FE1F18} = {4EC39216-E66A-4245-A9AA-8F757BCDA720}
		{60BECCEA-EDAC-4B93-879B-465CC1CB8360} = {9D9B0FC4-23FF-498C-A22A-784B1B12FFEF}
		{8D2FC62B-7D92-4EEE-B107-4C3F97B2C1EF} = {CA03ACC4-2DDD-463C-A6C2-8C6DE319077A}
		{CE5C2804-5979-4B3E-80A7-00A93CFC8D61} = {CA03ACC4-2DDD-463C-A6C2-8C6DE319077A}
		{76F97BFF-6418-4DF0-B0BF-FD9BB997D0D3} = {E8D7067B-5922-47AC-B238-64065F540165}
		{C643291E-111D-411E-905D-2849CBA6E8EF} = {76F97BFF-6418-4DF0-B0BF-FD9BB997D0D3}
	EndGlobalSection
	GlobalSection(ExtensibilityGlobals) = postSolution
		SolutionGuid = {06EACDB6-10D1-4139-A011-A8960CE7CDD8}
	EndGlobalSection
EndGlobal
